
Microsoft Visual Studio Solution File, Format Version 12.00
# Visual Studio Version 17
VisualStudioVersion = 17.1.32407.343
MinimumVisualStudioVersion = 10.0.40219.1
Project("{FAE04EC0-301F-11D3-BF4B-00C04F79EFBC}") = "BooksUdemyCourse", "BooksUdemyCourse\BooksUdemyCourse.csproj", "{A72461AE-1068-4364-86C2-83A7BC17237E}"
EndProject
Global
	GlobalSection(SolutionConfigurationPlatforms) = preSolution
		Debug|Any CPU = Debug|Any CPU
		Release|Any CPU = Release|Any CPU
	EndGlobalSection
	GlobalSection(ProjectConfigurationPlatforms) = postSolution
		{A72461AE-1068-4364-86C2-83A7BC17237E}.Debug|Any CPU.ActiveCfg = Debug|Any CPU
		{A72461AE-1068-4364-86C2-83A7BC17237E}.Debug|Any CPU.Build.0 = Debug|Any CPU
		{A72461AE-1068-4364-86C2-83A7BC17237E}.Release|Any CPU.ActiveCfg = Release|Any CPU
		{A72461AE-1068-4364-86C2-83A7BC17237E}.Release|Any CPU.Build.0 = Release|Any CPU
	EndGlobalSection
	GlobalSection(SolutionProperties) = preSolution
		HideSolutionNode = FALSE
	EndGlobalSection
	GlobalSection(ExtensibilityGlobals) = postSolution
		SolutionGuid = {1104FBA9-04A9-41DA-AAF8-5799C392F5CD}
	EndGlobalSection
EndGlobal
